
Microsoft Visual Studio Solution File, Format Version 12.00
# Visual Studio Version 17
VisualStudioVersion = 17.2.32616.157
MinimumVisualStudioVersion = 10.0.40219.1
Project("{FAE04EC0-301F-11D3-BF4B-00C04F79EFBC}") = "Project_IT", "Project_IT\Project_IT.csproj", "{810D8200-D92E-45FC-B968-15322D880C3E}"
EndProject
Global
	GlobalSection(SolutionConfigurationPlatforms) = preSolution
		Debug|Any CPU = Debug|Any CPU
		Release|Any CPU = Release|Any CPU
	EndGlobalSection
	GlobalSection(ProjectConfigurationPlatforms) = postSolution
		{810D8200-D92E-45FC-B968-15322D880C3E}.Debug|Any CPU.ActiveCfg = Debug|Any CPU
		{810D8200-D92E-45FC-B968-15322D880C3E}.Debug|Any CPU.Build.0 = Debug|Any CPU
		{810D8200-D92E-45FC-B968-15322D880C3E}.Release|Any CPU.ActiveCfg = Release|Any CPU
		{810D8200-D92E-45FC-B968-15322D880C3E}.Release|Any CPU.Build.0 = Release|Any CPU
	EndGlobalSection
	GlobalSection(SolutionProperties) = preSolution
		HideSolutionNode = FALSE
	EndGlobalSection
	GlobalSection(ExtensibilityGlobals) = postSolution
		SolutionGuid = {44AF4DC6-0E6B-487A-84A6-A2A4401383F4}
	EndGlobalSection
EndGlobal
